
Microsoft Visual Studio Solution File, Format Version 12.00
# Visual Studio Version 17
VisualStudioVersion = 17.0.31903.59
MinimumVisualStudioVersion = 10.0.40219.1
Project("{2150E333-8FDC-42A3-9474-1A3956D46DE8}") = "src", "src", "{6D9D824B-3165-4275-B78F-CBFA8714CE37}"
EndProject
Project("{FAE04EC0-301F-11D3-BF4B-00C04F79EFBC}") = "VbaTypedComSample", "src\VbaTypedComSample\VbaTypedComSample.csproj", "{D8EB4C55-F262-42C0-B615-64C8521893DB}"
EndProject
Project("{2150E333-8FDC-42A3-9474-1A3956D46DE8}") = "tests", "tests", "{C4B26C96-3BBB-48CC-B24A-E0111867E0E8}"
EndProject
Project("{FAE04EC0-301F-11D3-BF4B-00C04F79EFBC}") = "VbaTypedComSample.Tests", "tests\VbaTypedComSample.Tests\VbaTypedComSample.Tests.csproj", "{F4261766-418A-40EF-9EC7-D203A83744B4}"
EndProject
Global
	GlobalSection(SolutionConfigurationPlatforms) = preSolution
		Debug|Any CPU = Debug|Any CPU
		Release|Any CPU = Release|Any CPU
	EndGlobalSection
	GlobalSection(SolutionProperties) = preSolution
		HideSolutionNode = FALSE
	EndGlobalSection
	GlobalSection(ProjectConfigurationPlatforms) = postSolution
		{D8EB4C55-F262-42C0-B615-64C8521893DB}.Debug|Any CPU.ActiveCfg = Debug|Any CPU
		{D8EB4C55-F262-42C0-B615-64C8521893DB}.Debug|Any CPU.Build.0 = Debug|Any CPU
		{D8EB4C55-F262-42C0-B615-64C8521893DB}.Release|Any CPU.ActiveCfg = Release|Any CPU
		{D8EB4C55-F262-42C0-B615-64C8521893DB}.Release|Any CPU.Build.0 = Release|Any CPU
		{F4261766-418A-40EF-9EC7-D203A83744B4}.Debug|Any CPU.ActiveCfg = Debug|Any CPU
		{F4261766-418A-40EF-9EC7-D203A83744B4}.Debug|Any CPU.Build.0 = Debug|Any CPU
		{F4261766-418A-40EF-9EC7-D203A83744B4}.Release|Any CPU.ActiveCfg = Release|Any CPU
		{F4261766-418A-40EF-9EC7-D203A83744B4}.Release|Any CPU.Build.0 = Release|Any CPU
	EndGlobalSection
	GlobalSection(NestedProjects) = preSolution
		{D8EB4C55-F262-42C0-B615-64C8521893DB} = {6D9D824B-3165-4275-B78F-CBFA8714CE37}
		{F4261766-418A-40EF-9EC7-D203A83744B4} = {C4B26C96-3BBB-48CC-B24A-E0111867E0E8}
	EndGlobalSection
EndGlobal
