Microsoft Visual Studio Solution File, Format Version 12.00
# Visual Studio Version 17
VisualStudioVersion = 17.0.31903.59
MinimumVisualStudioVersion = 10.0.40219.1
Project("{FAE04EC0-301F-11D3-BF4B-00C04F79EFBC}") = "KomuraSoft.Impersonation", "src\KomuraSoft.Impersonation\KomuraSoft.Impersonation.csproj", "{5D2E7A31-6B4C-4D8E-AF1B-2C3D4E5F6A7B}"
EndProject
Project("{FAE04EC0-301F-11D3-BF4B-00C04F79EFBC}") = "Demo", "samples\Demo\Demo.csproj", "{6E3F8B42-7C5D-4E9F-B02C-3D4E5F6A7B8C}"
EndProject
Project("{FAE04EC0-301F-11D3-BF4B-00C04F79EFBC}") = "KomuraSoft.Impersonation.Tests", "tests\KomuraSoft.Impersonation.Tests\KomuraSoft.Impersonation.Tests.csproj", "{7F4A9C53-8D6E-4FA0-C13D-4E5F6A7B8C9D}"
EndProject
Global
	GlobalSection(SolutionConfigurationPlatforms) = preSolution
		Debug|Any CPU = Debug|Any CPU
		Release|Any CPU = Release|Any CPU
	EndGlobalSection
	GlobalSection(ProjectConfigurationPlatforms) = postSolution
		{5D2E7A31-6B4C-4D8E-AF1B-2C3D4E5F6A7B}.Debug|Any CPU.ActiveCfg = Debug|Any CPU
		{5D2E7A31-6B4C-4D8E-AF1B-2C3D4E5F6A7B}.Debug|Any CPU.Build.0 = Debug|Any CPU
		{5D2E7A31-6B4C-4D8E-AF1B-2C3D4E5F6A7B}.Release|Any CPU.ActiveCfg = Release|Any CPU
		{5D2E7A31-6B4C-4D8E-AF1B-2C3D4E5F6A7B}.Release|Any CPU.Build.0 = Release|Any CPU
		{6E3F8B42-7C5D-4E9F-B02C-3D4E5F6A7B8C}.Debug|Any CPU.ActiveCfg = Debug|Any CPU
		{6E3F8B42-7C5D-4E9F-B02C-3D4E5F6A7B8C}.Debug|Any CPU.Build.0 = Debug|Any CPU
		{6E3F8B42-7C5D-4E9F-B02C-3D4E5F6A7B8C}.Release|Any CPU.ActiveCfg = Release|Any CPU
		{6E3F8B42-7C5D-4E9F-B02C-3D4E5F6A7B8C}.Release|Any CPU.Build.0 = Release|Any CPU
		{7F4A9C53-8D6E-4FA0-C13D-4E5F6A7B8C9D}.Debug|Any CPU.ActiveCfg = Debug|Any CPU
		{7F4A9C53-8D6E-4FA0-C13D-4E5F6A7B8C9D}.Debug|Any CPU.Build.0 = Debug|Any CPU
		{7F4A9C53-8D6E-4FA0-C13D-4E5F6A7B8C9D}.Release|Any CPU.ActiveCfg = Release|Any CPU
		{7F4A9C53-8D6E-4FA0-C13D-4E5F6A7B8C9D}.Release|Any CPU.Build.0 = Release|Any CPU
	EndGlobalSection
	GlobalSection(SolutionProperties) = preSolution
		HideSolutionNode = FALSE
	EndGlobalSection
EndGlobal
